
Microsoft Visual Studio Solution File, Format Version 12.00
# Visual Studio Version 16
VisualStudioVersion = 16.0.32106.194
MinimumVisualStudioVersion = 10.0.40219.1
Project("{FAE04EC0-301F-11D3-BF4B-00C04F79EFBC}") = "Project4Remake", "Project4Remake\Project4Remake.csproj", "{4CE02FE0-B08B-4F32-9592-2BC68D7EB42F}"
EndProject
Global
	GlobalSection(SolutionConfigurationPlatforms) = preSolution
		Debug|Any CPU = Debug|Any CPU
		Release|Any CPU = Release|Any CPU
	EndGlobalSection
	GlobalSection(ProjectConfigurationPlatforms) = postSolution
		{4CE02FE0-B08B-4F32-9592-2BC68D7EB42F}.Debug|Any CPU.ActiveCfg = Debug|Any CPU
		{4CE02FE0-B08B-4F32-9592-2BC68D7EB42F}.Debug|Any CPU.Build.0 = Debug|Any CPU
		{4CE02FE0-B08B-4F32-9592-2BC68D7EB42F}.Release|Any CPU.ActiveCfg = Release|Any CPU
		{4CE02FE0-B08B-4F32-9592-2BC68D7EB42F}.Release|Any CPU.Build.0 = Release|Any CPU
	EndGlobalSection
	GlobalSection(SolutionProperties) = preSolution
		HideSolutionNode = FALSE
	EndGlobalSection
	GlobalSection(ExtensibilityGlobals) = postSolution
		SolutionGuid = {C6F40A24-DA02-4F2C-9E41-5A01B73FE967}
	EndGlobalSection
EndGlobal
