
Microsoft Visual Studio Solution File, Format Version 12.00
# Visual Studio Version 16
VisualStudioVersion = 16.0.32106.194
MinimumVisualStudioVersion = 10.0.40219.1
Project("{FAE04EC0-301F-11D3-BF4B-00C04F79EFBC}") = "NonTuchButton", "NonTuchButton\NonTuchButton.csproj", "{CDFD3BFE-8A22-420D-B338-CCF91FC11E4D}"
EndProject
Global
	GlobalSection(SolutionConfigurationPlatforms) = preSolution
		Debug|Any CPU = Debug|Any CPU
		Release|Any CPU = Release|Any CPU
	EndGlobalSection
	GlobalSection(ProjectConfigurationPlatforms) = postSolution
		{CDFD3BFE-8A22-420D-B338-CCF91FC11E4D}.Debug|Any CPU.ActiveCfg = Debug|Any CPU
		{CDFD3BFE-8A22-420D-B338-CCF91FC11E4D}.Debug|Any CPU.Build.0 = Debug|Any CPU
		{CDFD3BFE-8A22-420D-B338-CCF91FC11E4D}.Release|Any CPU.ActiveCfg = Release|Any CPU
		{CDFD3BFE-8A22-420D-B338-CCF91FC11E4D}.Release|Any CPU.Build.0 = Release|Any CPU
	EndGlobalSection
	GlobalSection(SolutionProperties) = preSolution
		HideSolutionNode = FALSE
	EndGlobalSection
	GlobalSection(ExtensibilityGlobals) = postSolution
		SolutionGuid = {2D3BB7AD-29C4-465E-ABA2-0AC392D3154A}
	EndGlobalSection
EndGlobal
